
Microsoft Visual Studio Solution File, Format Version 12.00
# Visual Studio Version 17
VisualStudioVersion = 17.5.002.0
MinimumVisualStudioVersion = 10.0.40219.1
Project("{9A19103F-16F7-4668-BE54-9A1E7A4F7556}") = "API", "API\API.csproj", "{D33077D9-31B2-4517-A44E-5BB3AA14668B}"
EndProject
Global
	GlobalSection(SolutionConfigurationPlatforms) = preSolution
		Debug|Any CPU = Debug|Any CPU
		Release|Any CPU = Release|Any CPU
	EndGlobalSection
	GlobalSection(ProjectConfigurationPlatforms) = postSolution
		{D33077D9-31B2-4517-A44E-5BB3AA14668B}.Debug|Any CPU.ActiveCfg = Debug|Any CPU
		{D33077D9-31B2-4517-A44E-5BB3AA14668B}.Debug|Any CPU.Build.0 = Debug|Any CPU
		{D33077D9-31B2-4517-A44E-5BB3AA14668B}.Release|Any CPU.ActiveCfg = Release|Any CPU
		{D33077D9-31B2-4517-A44E-5BB3AA14668B}.Release|Any CPU.Build.0 = Release|Any CPU
	EndGlobalSection
	GlobalSection(SolutionProperties) = preSolution
		HideSolutionNode = FALSE
	EndGlobalSection
	GlobalSection(ExtensibilityGlobals) = postSolution
		SolutionGuid = {9738A5B0-32D9-46EC-93BD-8036C54D98A9}
	EndGlobalSection
EndGlobal
